// !$*UTF8*$!
{
	archiveVersion = 1;
	classes = {
	};
	objectVersion = 46;
	objects = {

/* Begin PBXBuildFile section */
		E83508B61E496848007DAECA /* main.m in Sources */ = {isa = PBXBuildFile; fileRef = E83508B51E496848007DAECA /* main.m */; };
		E83508B91E496848007DAECA /* AppDelegate.m in Sources */ = {isa = PBXBuildFile; fileRef = E83508B81E496848007DAECA /* AppDelegate.m */; };
		E83508BC1E496848007DAECA /* ViewController.m in Sources */ = {isa = PBXBuildFile; fileRef = E83508BB1E496848007DAECA /* ViewController.m */; };
		E83508BF1E496848007DAECA /* Main.storyboard in Resources */ = {isa = PBXBuildFile; fileRef = E83508BD1E496848007DAECA /* Main.storyboard */; };
		E83508C11E496848007DAECA /* Assets.xcassets in Resources */ = {isa = PBXBuildFile; fileRef = E83508C01E496848007DAECA /* Assets.xcassets */; };
		E83508C41E496848007DAECA /* LaunchScreen.storyboard in Resources */ = {isa = PBXBuildFile; fileRef = E83508C21E496848007DAECA /* LaunchScreen.storyboard */; };
		E8FA62AB1E4B034300A0E2FE /* DLGDebugConsoleCommand.m in Sources */ = {isa = PBXBuildFile; fileRef = E8FA628C1E4B034300A0E2FE /* DLGDebugConsoleCommand.m */; };
		E8FA62AC1E4B034300A0E2FE /* DLGDebugConsoleCommandParameter.m in Sources */ = {isa = PBXBuildFile; fileRef = E8FA628E1E4B034300A0E2FE /* DLGDebugConsoleCommandParameter.m */; };
		E8FA62AD1E4B034300A0E2FE /* UIWindow+DLGDebugConsole.m in Sources */ = {isa = PBXBuildFile; fileRef = E8FA62911E4B034300A0E2FE /* UIWindow+DLGDebugConsole.m */; };
		E8FA62AE1E4B034300A0E2FE /* DLGDebugConsoleCommandConsole.m in Sources */ = {isa = PBXBuildFile; fileRef = E8FA62941E4B034300A0E2FE /* DLGDebugConsoleCommandConsole.m */; };
		E8FA62AF1E4B034300A0E2FE /* DLGDebugConsoleCommandHelp.m in Sources */ = {isa = PBXBuildFile; fileRef = E8FA62961E4B034300A0E2FE /* DLGDebugConsoleCommandHelp.m */; };
		E8FA62B01E4B034300A0E2FE /* DLGDebugConsoleCommandNet.m in Sources */ = {isa = PBXBuildFile; fileRef = E8FA62981E4B034300A0E2FE /* DLGDebugConsoleCommandNet.m */; };
		E8FA62B11E4B034300A0E2FE /* DLGDebugConsoleCommandSample.m in Sources */ = {isa = PBXBuildFile; fileRef = E8FA629A1E4B034300A0E2FE /* DLGDebugConsoleCommandSample.m */; };
		E8FA62B21E4B034300A0E2FE /* DLGDebugConsoleCommandShowFrame.m in Sources */ = {isa = PBXBuildFile; fileRef = E8FA629C1E4B034300A0E2FE /* DLGDebugConsoleCommandShowFrame.m */; };
		E8FA62B31E4B034300A0E2FE /* DLGDebugConsoleCommandShowServerInfo.m in Sources */ = {isa = PBXBuildFile; fileRef = E8FA629E1E4B034300A0E2FE /* DLGDebugConsoleCommandShowServerInfo.m */; };
		E8FA62B41E4B034300A0E2FE /* DLGDebugConsoleCommandShowUserInfo.m in Sources */ = {isa = PBXBuildFile; fileRef = E8FA62A01E4B034300A0E2FE /* DLGDebugConsoleCommandShowUserInfo.m */; };
		E8FA62B51E4B034300A0E2FE /* DLGDebugConsole.m in Sources */ = {isa = PBXBuildFile; fileRef = E8FA62A21E4B034300A0E2FE /* DLGDebugConsole.m */; };
		E8FA62B61E4B034300A0E2FE /* DLGDebugConsoleAgent.m in Sources */ = {isa = PBXBuildFile; fileRef = E8FA62A41E4B034300A0E2FE /* DLGDebugConsoleAgent.m */; };
		E8FA62B71E4B034300A0E2FE /* DLGDebugConsoleCommands.m in Sources */ = {isa = PBXBuildFile; fileRef = E8FA62A61E4B034300A0E2FE /* DLGDebugConsoleCommands.m */; };
		E8FA62B81E4B034300A0E2FE /* DLGDebugConsoleView.m in Sources */ = {isa = PBXBuildFile; fileRef = E8FA62A91E4B034300A0E2FE /* DLGDebugConsoleView.m */; };
/* End PBXBuildFile section */

/* Begin PBXFileReference section */
		E83508B11E496848007DAECA /* DLGDebugConsole.app */ = {isa = PBXFileReference; explicitFileType = wrapper.application; includeInIndex = 0; path = DLGDebugConsole.app; sourceTree = BUILT_PRODUCTS_DIR; };
		E83508B51E496848007DAECA /* main.m */ = {isa = PBXFileReference; lastKnownFileType = sourcecode.c.objc; path = main.m; sourceTree = "<group>"; };
		E83508B71E496848007DAECA /* AppDelegate.h */ = {isa = PBXFileReference; lastKnownFileType = sourcecode.c.h; path = AppDelegate.h; sourceTree = "<group>"; };
		E83508B81E496848007DAECA /* AppDelegate.m */ = {isa = PBXFileReference; lastKnownFileType = sourcecode.c.objc; path = AppDelegate.m; sourceTree = "<group>"; };
		E83508BA1E496848007DAECA /* ViewController.h */ = {isa = PBXFileReference; lastKnownFileType = sourcecode.c.h; path = ViewController.h; sourceTree = "<group>"; };
		E83508BB1E496848007DAECA /* ViewController.m */ = {isa = PBXFileReference; lastKnownFileType = sourcecode.c.objc; path = ViewController.m; sourceTree = "<group>"; };
		E83508BE1E496848007DAECA /* Base */ = {isa = PBXFileReference; lastKnownFileType = file.storyboard; name = Base; path = Base.lproj/Main.storyboard; sourceTree = "<group>"; };
		E83508C01E496848007DAECA /* Assets.xcassets */ = {isa = PBXFileReference; lastKnownFileType = folder.assetcatalog; path = Assets.xcassets; sourceTree = "<group>"; };
		E83508C31E496848007DAECA /* Base */ = {isa = PBXFileReference; lastKnownFileType = file.storyboard; name = Base; path = Base.lproj/LaunchScreen.storyboard; sourceTree = "<group>"; };
		E83508C51E496848007DAECA /* Info.plist */ = {isa = PBXFileReference; lastKnownFileType = text.plist.xml; path = Info.plist; sourceTree = "<group>"; };
		E8FA628B1E4B034300A0E2FE /* DLGDebugConsoleCommand.h */ = {isa = PBXFileReference; fileEncoding = 4; lastKnownFileType = sourcecode.c.h; path = DLGDebugConsoleCommand.h; sourceTree = "<group>"; };
		E8FA628C1E4B034300A0E2FE /* DLGDebugConsoleCommand.m */ = {isa = PBXFileReference; fileEncoding = 4; lastKnownFileType = sourcecode.c.objc; path = DLGDebugConsoleCommand.m; sourceTree = "<group>"; };
		E8FA628D1E4B034300A0E2FE /* DLGDebugConsoleCommandParameter.h */ = {isa = PBXFileReference; fileEncoding = 4; lastKnownFileType = sourcecode.c.h; path = DLGDebugConsoleCommandParameter.h; sourceTree = "<group>"; };
		E8FA628E1E4B034300A0E2FE /* DLGDebugConsoleCommandParameter.m */ = {isa = PBXFileReference; fileEncoding = 4; lastKnownFileType = sourcecode.c.objc; path = DLGDebugConsoleCommandParameter.m; sourceTree = "<group>"; };
		E8FA62901E4B034300A0E2FE /* UIWindow+DLGDebugConsole.h */ = {isa = PBXFileReference; fileEncoding = 4; lastKnownFileType = sourcecode.c.h; path = "UIWindow+DLGDebugConsole.h"; sourceTree = "<group>"; };
		E8FA62911E4B034300A0E2FE /* UIWindow+DLGDebugConsole.m */ = {isa = PBXFileReference; fileEncoding = 4; lastKnownFileType = sourcecode.c.objc; path = "UIWindow+DLGDebugConsole.m"; sourceTree = "<group>"; };
		E8FA62931E4B034300A0E2FE /* DLGDebugConsoleCommandConsole.h */ = {isa = PBXFileReference; fileEncoding = 4; lastKnownFileType = sourcecode.c.h; path = DLGDebugConsoleCommandConsole.h; sourceTree = "<group>"; };
		E8FA62941E4B034300A0E2FE /* DLGDebugConsoleCommandConsole.m */ = {isa = PBXFileReference; fileEncoding = 4; lastKnownFileType = sourcecode.c.objc; path = DLGDebugConsoleCommandConsole.m; sourceTree = "<group>"; };
		E8FA62951E4B034300A0E2FE /* DLGDebugConsoleCommandHelp.h */ = {isa = PBXFileReference; fileEncoding = 4; lastKnownFileType = sourcecode.c.h; path = DLGDebugConsoleCommandHelp.h; sourceTree = "<group>"; };
		E8FA62961E4B034300A0E2FE /* DLGDebugConsoleCommandHelp.m */ = {isa = PBXFileReference; fileEncoding = 4; lastKnownFileType = sourcecode.c.objc; path = DLGDebugConsoleCommandHelp.m; sourceTree = "<group>"; };
		E8FA62971E4B034300A0E2FE /* DLGDebugConsoleCommandNet.h */ = {isa = PBXFileReference; fileEncoding = 4; lastKnownFileType = sourcecode.c.h; path = DLGDebugConsoleCommandNet.h; sourceTree = "<group>"; };
		E8FA62981E4B034300A0E2FE /* DLGDebugConsoleCommandNet.m */ = {isa = PBXFileReference; fileEncoding = 4; lastKnownFileType = sourcecode.c.objc; path = DLGDebugConsoleCommandNet.m; sourceTree = "<group>"; };
		E8FA62991E4B034300A0E2FE /* DLGDebugConsoleCommandSample.h */ = {isa = PBXFileReference; fileEncoding = 4; lastKnownFileType = sourcecode.c.h; path = DLGDebugConsoleCommandSample.h; sourceTree = "<group>"; };
		E8FA629A1E4B034300A0E2FE /* DLGDebugConsoleCommandSample.m */ = {isa = PBXFileReference; fileEncoding = 4; lastKnownFileType = sourcecode.c.objc; path = DLGDebugConsoleCommandSample.m; sourceTree = "<group>"; };
		E8FA629B1E4B034300A0E2FE /* DLGDebugConsoleCommandShowFrame.h */ = {isa = PBXFileReference; fileEncoding = 4; lastKnownFileType = sourcecode.c.h; path = DLGDebugConsoleCommandShowFrame.h; sourceTree = "<group>"; };
		E8FA629C1E4B034300A0E2FE /* DLGDebugConsoleCommandShowFrame.m */ = {isa = PBXFileReference; fileEncoding = 4; lastKnownFileType = sourcecode.c.objc; path = DLGDebugConsoleCommandShowFrame.m; sourceTree = "<group>"; };
		E8FA629D1E4B034300A0E2FE /* DLGDebugConsoleCommandShowServerInfo.h */ = {isa = PBXFileReference; fileEncoding = 4; lastKnownFileType = sourcecode.c.h; path = DLGDebugConsoleCommandShowServerInfo.h; sourceTree = "<group>"; };
		E8FA629E1E4B034300A0E2FE /* DLGDebugConsoleCommandShowServerInfo.m */ = {isa = PBXFileReference; fileEncoding = 4; lastKnownFileType = sourcecode.c.objc; path = DLGDebugConsoleCommandShowServerInfo.m; sourceTree = "<group>"; };
		E8FA629F1E4B034300A0E2FE /* DLGDebugConsoleCommandShowUserInfo.h */ = {isa = PBXFileReference; fileEncoding = 4; lastKnownFileType = sourcecode.c.h; path = DLGDebugConsoleCommandShowUserInfo.h; sourceTree = "<group>"; };
		E8FA62A01E4B034300A0E2FE /* DLGDebugConsoleCommandShowUserInfo.m */ = {isa = PBXFileReference; fileEncoding = 4; lastKnownFileType = sourcecode.c.objc; path = DLGDebugConsoleCommandShowUserInfo.m; sourceTree = "<group>"; };
		E8FA62A11E4B034300A0E2FE /* DLGDebugConsole.h */ = {isa = PBXFileReference; fileEncoding = 4; lastKnownFileType = sourcecode.c.h; path = DLGDebugConsole.h; sourceTree = "<group>"; };
		E8FA62A21E4B034300A0E2FE /* DLGDebugConsole.m */ = {isa = PBXFileReference; fileEncoding = 4; lastKnownFileType = sourcecode.c.objc; path = DLGDebugConsole.m; sourceTree = "<group>"; };
		E8FA62A31E4B034300A0E2FE /* DLGDebugConsoleAgent.h */ = {isa = PBXFileReference; fileEncoding = 4; lastKnownFileType = sourcecode.c.h; path = DLGDebugConsoleAgent.h; sourceTree = "<group>"; };
		E8FA62A41E4B034300A0E2FE /* DLGDebugConsoleAgent.m */ = {isa = PBXFileReference; fileEncoding = 4; lastKnownFileType = sourcecode.c.objc; path = DLGDebugConsoleAgent.m; sourceTree = "<group>"; };
		E8FA62A51E4B034300A0E2FE /* DLGDebugConsoleCommands.h */ = {isa = PBXFileReference; fileEncoding = 4; lastKnownFileType = sourcecode.c.h; path = DLGDebugConsoleCommands.h; sourceTree = "<group>"; };
		E8FA62A61E4B034300A0E2FE /* DLGDebugConsoleCommands.m */ = {isa = PBXFileReference; fileEncoding = 4; lastKnownFileType = sourcecode.c.objc; path = DLGDebugConsoleCommands.m; sourceTree = "<group>"; };
		E8FA62A81E4B034300A0E2FE /* DLGDebugConsoleView.h */ = {isa = PBXFileReference; fileEncoding = 4; lastKnownFileType = sourcecode.c.h; path = DLGDebugConsoleView.h; sourceTree = "<group>"; };
		E8FA62A91E4B034300A0E2FE /* DLGDebugConsoleView.m */ = {isa = PBXFileReference; fileEncoding = 4; lastKnownFileType = sourcecode.c.objc; path = DLGDebugConsoleView.m; sourceTree = "<group>"; };
		E8FA62AA1E4B034300A0E2FE /* DLGDebugConsoleViewDelegate.h */ = {isa = PBXFileReference; fileEncoding = 4; lastKnownFileType = sourcecode.c.h; path = DLGDebugConsoleViewDelegate.h; sourceTree = "<group>"; };
/* End PBXFileReference section */

/* Begin PBXFrameworksBuildPhase section */
		E83508AE1E496848007DAECA /* Frameworks */ = {
			isa = PBXFrameworksBuildPhase;
			buildActionMask = 2147483647;
			files = (
			);
			runOnlyForDeploymentPostprocessing = 0;
		};
/* End PBXFrameworksBuildPhase section */

/* Begin PBXGroup section */
		E83508A81E496848007DAECA = {
			isa = PBXGroup;
			children = (
				E83508B31E496848007DAECA /* DLGDebugConsole */,
				E83508B21E496848007DAECA /* Products */,
			);
			sourceTree = "<group>";
		};
		E83508B21E496848007DAECA /* Products */ = {
			isa = PBXGroup;
			children = (
				E83508B11E496848007DAECA /* DLGDebugConsole.app */,
			);
			name = Products;
			sourceTree = "<group>";
		};
		E83508B31E496848007DAECA /* DLGDebugConsole */ = {
			isa = PBXGroup;
			children = (
				E8FA62891E4B034300A0E2FE /* DLGDebugConsole */,
				E83508B71E496848007DAECA /* AppDelegate.h */,
				E83508B81E496848007DAECA /* AppDelegate.m */,
				E83508BA1E496848007DAECA /* ViewController.h */,
				E83508BB1E496848007DAECA /* ViewController.m */,
				E83508BD1E496848007DAECA /* Main.storyboard */,
				E83508C01E496848007DAECA /* Assets.xcassets */,
				E83508C21E496848007DAECA /* LaunchScreen.storyboard */,
				E83508C51E496848007DAECA /* Info.plist */,
				E83508B41E496848007DAECA /* Supporting Files */,
			);
			path = DLGDebugConsole;
			sourceTree = "<group>";
		};
		E83508B41E496848007DAECA /* Supporting Files */ = {
			isa = PBXGroup;
			children = (
				E83508B51E496848007DAECA /* main.m */,
			);
			name = "Supporting Files";
			sourceTree = "<group>";
		};
		E8FA62891E4B034300A0E2FE /* DLGDebugConsole */ = {
			isa = PBXGroup;
			children = (
				E8FA628A1E4B034300A0E2FE /* base */,
				E8FA628F1E4B034300A0E2FE /* category */,
				E8FA62A71E4B034300A0E2FE /* view */,
				E8FA62921E4B034300A0E2FE /* commands */,
				E8FA62A11E4B034300A0E2FE /* DLGDebugConsole.h */,
				E8FA62A21E4B034300A0E2FE /* DLGDebugConsole.m */,
				E8FA62A31E4B034300A0E2FE /* DLGDebugConsoleAgent.h */,
				E8FA62A41E4B034300A0E2FE /* DLGDebugConsoleAgent.m */,
				E8FA62A51E4B034300A0E2FE /* DLGDebugConsoleCommands.h */,
				E8FA62A61E4B034300A0E2FE /* DLGDebugConsoleCommands.m */,
			);
			path = DLGDebugConsole;
			sourceTree = "<group>";
		};
		E8FA628A1E4B034300A0E2FE /* base */ = {
			isa = PBXGroup;
			children = (
				E8FA628B1E4B034300A0E2FE /* DLGDebugConsoleCommand.h */,
				E8FA628C1E4B034300A0E2FE /* DLGDebugConsoleCommand.m */,
				E8FA628D1E4B034300A0E2FE /* DLGDebugConsoleCommandParameter.h */,
				E8FA628E1E4B034300A0E2FE /* DLGDebugConsoleCommandParameter.m */,
			);
			path = base;
			sourceTree = "<group>";
		};
		E8FA628F1E4B034300A0E2FE /* category */ = {
			isa = PBXGroup;
			children = (
				E8FA62901E4B034300A0E2FE /* UIWindow+DLGDebugConsole.h */,
				E8FA62911E4B034300A0E2FE /* UIWindow+DLGDebugConsole.m */,
			);
			path = category;
			sourceTree = "<group>";
		};
		E8FA62921E4B034300A0E2FE /* commands */ = {
			isa = PBXGroup;
			children = (
				E8FA62931E4B034300A0E2FE /* DLGDebugConsoleCommandConsole.h */,
				E8FA62941E4B034300A0E2FE /* DLGDebugConsoleCommandConsole.m */,
				E8FA62951E4B034300A0E2FE /* DLGDebugConsoleCommandHelp.h */,
				E8FA62961E4B034300A0E2FE /* DLGDebugConsoleCommandHelp.m */,
				E8FA62971E4B034300A0E2FE /* DLGDebugConsoleCommandNet.h */,
				E8FA62981E4B034300A0E2FE /* DLGDebugConsoleCommandNet.m */,
				E8FA62991E4B034300A0E2FE /* DLGDebugConsoleCommandSample.h */,
				E8FA629A1E4B034300A0E2FE /* DLGDebugConsoleCommandSample.m */,
				E8FA629B1E4B034300A0E2FE /* DLGDebugConsoleCommandShowFrame.h */,
				E8FA629C1E4B034300A0E2FE /* DLGDebugConsoleCommandShowFrame.m */,
				E8FA629D1E4B034300A0E2FE /* DLGDebugConsoleCommandShowServerInfo.h */,
				E8FA629E1E4B034300A0E2FE /* DLGDebugConsoleCommandShowServerInfo.m */,
				E8FA629F1E4B034300A0E2FE /* DLGDebugConsoleCommandShowUserInfo.h */,
				E8FA62A01E4B034300A0E2FE /* DLGDebugConsoleCommandShowUserInfo.m */,
			);
			path = commands;
			sourceTree = "<group>";
		};
		E8FA62A71E4B034300A0E2FE /* view */ = {
			isa = PBXGroup;
			children = (
				E8FA62A81E4B034300A0E2FE /* DLGDebugConsoleView.h */,
				E8FA62A91E4B034300A0E2FE /* DLGDebugConsoleView.m */,
				E8FA62AA1E4B034300A0E2FE /* DLGDebugConsoleViewDelegate.h */,
			);
			path = view;
			sourceTree = "<group>";
		};
/* End PBXGroup section */

/* Begin PBXNativeTarget section */
		E83508B01E496848007DAECA /* DLGDebugConsole */ = {
			isa = PBXNativeTarget;
			buildConfigurationList = E83508C81E496848007DAECA /* Build configuration list for PBXNativeTarget "DLGDebugConsole" */;
			buildPhases = (
				E83508AD1E496848007DAECA /* Sources */,
				E83508AE1E496848007DAECA /* Frameworks */,
				E83508AF1E496848007DAECA /* Resources */,
			);
			buildRules = (
			);
			dependencies = (
			);
			name = DLGDebugConsole;
			productName = DLGDebugConsole;
			productReference = E83508B11E496848007DAECA /* DLGDebugConsole.app */;
			productType = "com.apple.product-type.application";
		};
/* End PBXNativeTarget section */

/* Begin PBXProject section */
		E83508A91E496848007DAECA /* Project object */ = {
			isa = PBXProject;
			attributes = {
				LastUpgradeCheck = 0820;
				ORGANIZATIONNAME = DeviLeo;
				TargetAttributes = {
					E83508B01E496848007DAECA = {
						CreatedOnToolsVersion = 8.2;
						DevelopmentTeam = CN4B3JNYTQ;
						ProvisioningStyle = Automatic;
					};
				};
			};
			buildConfigurationList = E83508AC1E496848007DAECA /* Build configuration list for PBXProject "DLGDebugConsole" */;
			compatibilityVersion = "Xcode 3.2";
			developmentRegion = English;
			hasScannedForEncodings = 0;
			knownRegions = (
				en,
				Base,
			);
			mainGroup = E83508A81E496848007DAECA;
			productRefGroup = E83508B21E496848007DAECA /* Products */;
			projectDirPath = "";
			projectRoot = "";
			targets = (
				E83508B01E496848007DAECA /* DLGDebugConsole */,
			);
		};
/* End PBXProject section */

/* Begin PBXResourcesBuildPhase section */
		E83508AF1E496848007DAECA /* Resources */ = {
			isa = PBXResourcesBuildPhase;
			buildActionMask = 2147483647;
			files = (
				E83508C41E496848007DAECA /* LaunchScreen.storyboard in Resources */,
				E83508C11E496848007DAECA /* Assets.xcassets in Resources */,
				E83508BF1E496848007DAECA /* Main.storyboard in Resources */,
			);
			runOnlyForDeploymentPostprocessing = 0;
		};
/* End PBXResourcesBuildPhase section */

/* Begin PBXSourcesBuildPhase section */
		E83508AD1E496848007DAECA /* Sources */ = {
			isa = PBXSourcesBuildPhase;
			buildActionMask = 2147483647;
			files = (
				E8FA62B61E4B034300A0E2FE /* DLGDebugConsoleAgent.m in Sources */,
				E8FA62AF1E4B034300A0E2FE /* DLGDebugConsoleCommandHelp.m in Sources */,
				E8FA62B11E4B034300A0E2FE /* DLGDebugConsoleCommandSample.m in Sources */,
				E8FA62AE1E4B034300A0E2FE /* DLGDebugConsoleCommandConsole.m in Sources */,
				E83508BC1E496848007DAECA /* ViewController.m in Sources */,
				E8FA62AD1E4B034300A0E2FE /* UIWindow+DLGDebugConsole.m in Sources */,
				E8FA62B01E4B034300A0E2FE /* DLGDebugConsoleCommandNet.m in Sources */,
				E8FA62B71E4B034300A0E2FE /* DLGDebugConsoleCommands.m in Sources */,
				E8FA62AC1E4B034300A0E2FE /* DLGDebugConsoleCommandParameter.m in Sources */,
				E8FA62B41E4B034300A0E2FE /* DLGDebugConsoleCommandShowUserInfo.m in Sources */,
				E8FA62B21E4B034300A0E2FE /* DLGDebugConsoleCommandShowFrame.m in Sources */,
				E83508B91E496848007DAECA /* AppDelegate.m in Sources */,
				E8FA62B31E4B034300A0E2FE /* DLGDebugConsoleCommandShowServerInfo.m in Sources */,
				E8FA62B81E4B034300A0E2FE /* DLGDebugConsoleView.m in Sources */,
				E8FA62B51E4B034300A0E2FE /* DLGDebugConsole.m in Sources */,
				E83508B61E496848007DAECA /* main.m in Sources */,
				E8FA62AB1E4B034300A0E2FE /* DLGDebugConsoleCommand.m in Sources */,
			);
			runOnlyForDeploymentPostprocessing = 0;
		};
/* End PBXSourcesBuildPhase section */

/* Begin PBXVariantGroup section */
		E83508BD1E496848007DAECA /* Main.storyboard */ = {
			isa = PBXVariantGroup;
			children = (
				E83508BE1E496848007DAECA /* Base */,
			);
			name = Main.storyboard;
			sourceTree = "<group>";
		};
		E83508C21E496848007DAECA /* LaunchScreen.storyboard */ = {
			isa = PBXVariantGroup;
			children = (
				E83508C31E496848007DAECA /* Base */,
			);
			name = LaunchScreen.storyboard;
			sourceTree = "<group>";
		};
/* End PBXVariantGroup section */

/* Begin XCBuildConfiguration section */
		E83508C61E496848007DAECA /* Debug */ = {
			isa = XCBuildConfiguration;
			buildSettings = {
				ALWAYS_SEARCH_USER_PATHS = NO;
				CLANG_ANALYZER_NONNULL = YES;
				CLANG_CXX_LANGUAGE_STANDARD = "gnu++0x";
				CLANG_CXX_LIBRARY = "libc++";
				CLANG_ENABLE_MODULES = YES;
				CLANG_ENABLE_OBJC_ARC = YES;
				CLANG_WARN_BOOL_CONVERSION = YES;
				CLANG_WARN_CONSTANT_CONVERSION = YES;
				CLANG_WARN_DIRECT_OBJC_ISA_USAGE = YES_ERROR;
				CLANG_WARN_DOCUMENTATION_COMMENTS = YES;
				CLANG_WARN_EMPTY_BODY = YES;
				CLANG_WARN_ENUM_CONVERSION = YES;
				CLANG_WARN_INFINITE_RECURSION = YES;
				CLANG_WARN_INT_CONVERSION = YES;
				CLANG_WARN_OBJC_ROOT_CLASS = YES_ERROR;
				CLANG_WARN_SUSPICIOUS_MOVE = YES;
				CLANG_WARN_UNREACHABLE_CODE = YES;
				CLANG_WARN__DUPLICATE_METHOD_MATCH = YES;
				"CODE_SIGN_IDENTITY[sdk=iphoneos*]" = "iPhone Developer";
				COPY_PHASE_STRIP = NO;
				DEBUG_INFORMATION_FORMAT = dwarf;
				ENABLE_STRICT_OBJC_MSGSEND = YES;
				ENABLE_TESTABILITY = YES;
				GCC_C_LANGUAGE_STANDARD = gnu99;
				GCC_DYNAMIC_NO_PIC = NO;
				GCC_NO_COMMON_BLOCKS = YES;
				GCC_OPTIMIZATION_LEVEL = 0;
				GCC_PREPROCESSOR_DEFINITIONS = (
					"DEBUG=1",
					"$(inherited)",
				);
				GCC_WARN_64_TO_32_BIT_CONVERSION = YES;
				GCC_WARN_ABOUT_RETURN_TYPE = YES_ERROR;
				GCC_WARN_UNDECLARED_SELECTOR = YES;
				GCC_WARN_UNINITIALIZED_AUTOS = YES_AGGRESSIVE;
				GCC_WARN_UNUSED_FUNCTION = YES;
				GCC_WARN_UNUSED_VARIABLE = YES;
				IPHONEOS_DEPLOYMENT_TARGET = 8.0;
				MTL_ENABLE_DEBUG_INFO = YES;
				ONLY_ACTIVE_ARCH = YES;
				SDKROOT = iphoneos;
				TARGETED_DEVICE_FAMILY = "1,2";
			};
			name = Debug;
		};
		E83508C71E496848007DAECA /* Release */ = {
			isa = XCBuildConfiguration;
			buildSettings = {
				ALWAYS_SEARCH_USER_PATHS = NO;
				CLANG_ANALYZER_NONNULL = YES;
				CLANG_CXX_LANGUAGE_STANDARD = "gnu++0x";
				CLANG_CXX_LIBRARY = "libc++";
				CLANG_ENABLE_MODULES = YES;
				CLANG_ENABLE_OBJC_ARC = YES;
				CLANG_WARN_BOOL_CONVERSION = YES;
				CLANG_WARN_CONSTANT_CONVERSION = YES;
				CLANG_WARN_DIRECT_OBJC_ISA_USAGE = YES_ERROR;
				CLANG_WARN_DOCUMENTATION_COMMENTS = YES;
				CLANG_WARN_EMPTY_BODY = YES;
				CLANG_WARN_ENUM_CONVERSION = YES;
				CLANG_WARN_INFINITE_RECURSION = YES;
				CLANG_WARN_INT_CONVERSION = YES;
				CLANG_WARN_OBJC_ROOT_CLASS = YES_ERROR;
				CLANG_WARN_SUSPICIOUS_MOVE = YES;
				CLANG_WARN_UNREACHABLE_CODE = YES;
				CLANG_WARN__DUPLICATE_METHOD_MATCH = YES;
				"CODE_SIGN_IDENTITY[sdk=iphoneos*]" = "iPhone Developer";
				COPY_PHASE_STRIP = NO;
				DEBUG_INFORMATION_FORMAT = "dwarf-with-dsym";
				ENABLE_NS_ASSERTIONS = NO;
				ENABLE_STRICT_OBJC_MSGSEND = YES;
				GCC_C_LANGUAGE_STANDARD = gnu99;
				GCC_NO_COMMON_BLOCKS = YES;
				GCC_WARN_64_TO_32_BIT_CONVERSION = YES;
				GCC_WARN_ABOUT_RETURN_TYPE = YES_ERROR;
				GCC_WARN_UNDECLARED_SELECTOR = YES;
				GCC_WARN_UNINITIALIZED_AUTOS = YES_AGGRESSIVE;
				GCC_WARN_UNUSED_FUNCTION = YES;
				GCC_WARN_UNUSED_VARIABLE = YES;
				IPHONEOS_DEPLOYMENT_TARGET = 8.0;
				MTL_ENABLE_DEBUG_INFO = NO;
				SDKROOT = iphoneos;
				TARGETED_DEVICE_FAMILY = "1,2";
				VALIDATE_PRODUCT = YES;
			};
			name = Release;
		};
		E83508C91E496848007DAECA /* Debug */ = {
			isa = XCBuildConfiguration;
			buildSettings = {
				ASSETCATALOG_COMPILER_APPICON_NAME = AppIcon;
				DEVELOPMENT_TEAM = CN4B3JNYTQ;
				INFOPLIST_FILE = DLGDebugConsole/Info.plist;
				LD_RUNPATH_SEARCH_PATHS = "$(inherited) @executable_path/Frameworks";
				PRODUCT_BUNDLE_IDENTIFIER = cn.devileo.DLGDebugConsole;
				PRODUCT_NAME = "$(TARGET_NAME)";
			};
			name = Debug;
		};
		E83508CA1E496848007DAECA /* Release */ = {
			isa = XCBuildConfiguration;
			buildSettings = {
				ASSETCATALOG_COMPILER_APPICON_NAME = AppIcon;
				DEVELOPMENT_TEAM = CN4B3JNYTQ;
				INFOPLIST_FILE = DLGDebugConsole/Info.plist;
				LD_RUNPATH_SEARCH_PATHS = "$(inherited) @executable_path/Frameworks";
				PRODUCT_BUNDLE_IDENTIFIER = cn.devileo.DLGDebugConsole;
				PRODUCT_NAME = "$(TARGET_NAME)";
			};
			name = Release;
		};
/* End XCBuildConfiguration section */

/* Begin XCConfigurationList section */
		E83508AC1E496848007DAECA /* Build configuration list for PBXProject "DLGDebugConsole" */ = {
			isa = XCConfigurationList;
			buildConfigurations = (
				E83508C61E496848007DAECA /* Debug */,
				E83508C71E496848007DAECA /* Release */,
			);
			defaultConfigurationIsVisible = 0;
			defaultConfigurationName = Release;
		};
		E83508C81E496848007DAECA /* Build configuration list for PBXNativeTarget "DLGDebugConsole" */ = {
			isa = XCConfigurationList;
			buildConfigurations = (
				E83508C91E496848007DAECA /* Debug */,
				E83508CA1E496848007DAECA /* Release */,
			);
			defaultConfigurationIsVisible = 0;
			defaultConfigurationName = Release;
		};
/* End XCConfigurationList section */
	};
	rootObject = E83508A91E496848007DAECA /* Project object */;
}
